
Microsoft Visual Studio Solution File, Format Version 12.00
# Visual Studio Version 17
VisualStudioVersion = 17.5.33530.505
MinimumVisualStudioVersion = 10.0.40219.1
Project("{FAE04EC0-301F-11D3-BF4B-00C04F79EFBC}") = "Link.Slicer", "Link.Slicer\Link.Slicer.csproj", "{38C94D21-0441-41E8-990A-8E03F3F186F0}"
EndProject
Global
	GlobalSection(SolutionConfigurationPlatforms) = preSolution
		Debug|Any CPU = Debug|Any CPU
		Release|Any CPU = Release|Any CPU
	EndGlobalSection
	GlobalSection(ProjectConfigurationPlatforms) = postSolution
		{38C94D21-0441-41E8-990A-8E03F3F186F0}.Debug|Any CPU.ActiveCfg = Debug|Any CPU
		{38C94D21-0441-41E8-990A-8E03F3F186F0}.Debug|Any CPU.Build.0 = Debug|Any CPU
		{38C94D21-0441-41E8-990A-8E03F3F186F0}.Release|Any CPU.ActiveCfg = Release|Any CPU
		{38C94D21-0441-41E8-990A-8E03F3F186F0}.Release|Any CPU.Build.0 = Release|Any CPU
	EndGlobalSection
	GlobalSection(SolutionProperties) = preSolution
		HideSolutionNode = FALSE
	EndGlobalSection
	GlobalSection(ExtensibilityGlobals) = postSolution
		SolutionGuid = {ACB64BAD-FA31-4697-BB59-CB8477482985}
	EndGlobalSection
EndGlobal
